
Microsoft Visual Studio Solution File, Format Version 12.00
# Visual Studio Version 16
VisualStudioVersion = 16.0.29806.167
MinimumVisualStudioVersion = 10.0.40219.1
Project("{FAE04EC0-301F-11D3-BF4B-00C04F79EFBC}") = "CheckoutKata", "CheckoutKata\CheckoutKata.csproj", "{8B6245AB-A5C4-4D81-951D-AAF22B1DA0DB}"
EndProject
Project("{FAE04EC0-301F-11D3-BF4B-00C04F79EFBC}") = "CheckoutKataModels", "CheckoutKataModels\CheckoutKataModels.csproj", "{102F0BD2-A15B-48ED-B448-43A823698718}"
EndProject
Global
	GlobalSection(SolutionConfigurationPlatforms) = preSolution
		Debug|Any CPU = Debug|Any CPU
		Release|Any CPU = Release|Any CPU
	EndGlobalSection
	GlobalSection(ProjectConfigurationPlatforms) = postSolution
		{8B6245AB-A5C4-4D81-951D-AAF22B1DA0DB}.Debug|Any CPU.ActiveCfg = Debug|Any CPU
		{8B6245AB-A5C4-4D81-951D-AAF22B1DA0DB}.Debug|Any CPU.Build.0 = Debug|Any CPU
		{8B6245AB-A5C4-4D81-951D-AAF22B1DA0DB}.Release|Any CPU.ActiveCfg = Release|Any CPU
		{8B6245AB-A5C4-4D81-951D-AAF22B1DA0DB}.Release|Any CPU.Build.0 = Release|Any CPU
		{102F0BD2-A15B-48ED-B448-43A823698718}.Debug|Any CPU.ActiveCfg = Debug|Any CPU
		{102F0BD2-A15B-48ED-B448-43A823698718}.Debug|Any CPU.Build.0 = Debug|Any CPU
		{102F0BD2-A15B-48ED-B448-43A823698718}.Release|Any CPU.ActiveCfg = Release|Any CPU
		{102F0BD2-A15B-48ED-B448-43A823698718}.Release|Any CPU.Build.0 = Release|Any CPU
	EndGlobalSection
	GlobalSection(SolutionProperties) = preSolution
		HideSolutionNode = FALSE
	EndGlobalSection
	GlobalSection(ExtensibilityGlobals) = postSolution
		SolutionGuid = {CC3A0B90-315E-4EC8-8E2B-53C07484B512}
	EndGlobalSection
EndGlobal
