
Microsoft Visual Studio Solution File, Format Version 12.00
# Visual Studio Version 16
VisualStudioVersion = 16.0.29806.167
MinimumVisualStudioVersion = 10.0.40219.1
Project("{FAE04EC0-301F-11D3-BF4B-00C04F79EFBC}") = "CheckoutKata", "CheckoutKata\CheckoutKata.csproj", "{8B6245AB-A5C4-4D81-951D-AAF22B1DA0DB}"
EndProject
Project("{FAE04EC0-301F-11D3-BF4B-00C04F79EFBC}") = "CheckoutKataModels", "CheckoutKataModels\CheckoutKataModels.csproj", "{102F0BD2-A15B-48ED-B448-43A823698718}"
EndProject
Project("{FAE04EC0-301F-11D3-BF4B-00C04F79EFBC}") = "CheckoutKaraDiscoutProviders", "CheckoutKaraDiscoutProviders\CheckoutKaraDiscoutProviders.csproj", "{AA6A592F-A7F6-407D-AB5B-3E70E8FC4FCE}"
EndProject
Project("{FAE04EC0-301F-11D3-BF4B-00C04F79EFBC}") = "CheckoutKataServices", "CheckoutKataServices\CheckoutKataServices.csproj", "{D15F2CF0-1E76-46C1-98D3-3002670F9DF6}"
EndProject
Project("{FAE04EC0-301F-11D3-BF4B-00C04F79EFBC}") = "CheckoutKaraTest", "CheckoutKaraTest\CheckoutKaraTest.csproj", "{9E8D78A1-A515-4E42-BDFF-13A230AD29FE}"
EndProject
Project("{FAE04EC0-301F-11D3-BF4B-00C04F79EFBC}") = "CheckoutKataCreators", "CheckoutKataCreators\CheckoutKataCreators.csproj", "{DA35F679-19FF-4865-A96D-AE7D7D51BBFE}"
EndProject
Global
	GlobalSection(SolutionConfigurationPlatforms) = preSolution
		Debug|Any CPU = Debug|Any CPU
		Release|Any CPU = Release|Any CPU
	EndGlobalSection
	GlobalSection(ProjectConfigurationPlatforms) = postSolution
		{8B6245AB-A5C4-4D81-951D-AAF22B1DA0DB}.Debug|Any CPU.ActiveCfg = Debug|Any CPU
		{8B6245AB-A5C4-4D81-951D-AAF22B1DA0DB}.Debug|Any CPU.Build.0 = Debug|Any CPU
		{8B6245AB-A5C4-4D81-951D-AAF22B1DA0DB}.Release|Any CPU.ActiveCfg = Release|Any CPU
		{8B6245AB-A5C4-4D81-951D-AAF22B1DA0DB}.Release|Any CPU.Build.0 = Release|Any CPU
		{102F0BD2-A15B-48ED-B448-43A823698718}.Debug|Any CPU.ActiveCfg = Debug|Any CPU
		{102F0BD2-A15B-48ED-B448-43A823698718}.Debug|Any CPU.Build.0 = Debug|Any CPU
		{102F0BD2-A15B-48ED-B448-43A823698718}.Release|Any CPU.ActiveCfg = Release|Any CPU
		{102F0BD2-A15B-48ED-B448-43A823698718}.Release|Any CPU.Build.0 = Release|Any CPU
		{AA6A592F-A7F6-407D-AB5B-3E70E8FC4FCE}.Debug|Any CPU.ActiveCfg = Debug|Any CPU
		{AA6A592F-A7F6-407D-AB5B-3E70E8FC4FCE}.Debug|Any CPU.Build.0 = Debug|Any CPU
		{AA6A592F-A7F6-407D-AB5B-3E70E8FC4FCE}.Release|Any CPU.ActiveCfg = Release|Any CPU
		{AA6A592F-A7F6-407D-AB5B-3E70E8FC4FCE}.Release|Any CPU.Build.0 = Release|Any CPU
		{D15F2CF0-1E76-46C1-98D3-3002670F9DF6}.Debug|Any CPU.ActiveCfg = Debug|Any CPU
		{D15F2CF0-1E76-46C1-98D3-3002670F9DF6}.Debug|Any CPU.Build.0 = Debug|Any CPU
		{D15F2CF0-1E76-46C1-98D3-3002670F9DF6}.Release|Any CPU.ActiveCfg = Release|Any CPU
		{D15F2CF0-1E76-46C1-98D3-3002670F9DF6}.Release|Any CPU.Build.0 = Release|Any CPU
		{9E8D78A1-A515-4E42-BDFF-13A230AD29FE}.Debug|Any CPU.ActiveCfg = Debug|Any CPU
		{9E8D78A1-A515-4E42-BDFF-13A230AD29FE}.Debug|Any CPU.Build.0 = Debug|Any CPU
		{9E8D78A1-A515-4E42-BDFF-13A230AD29FE}.Release|Any CPU.ActiveCfg = Release|Any CPU
		{9E8D78A1-A515-4E42-BDFF-13A230AD29FE}.Release|Any CPU.Build.0 = Release|Any CPU
		{DA35F679-19FF-4865-A96D-AE7D7D51BBFE}.Debug|Any CPU.ActiveCfg = Debug|Any CPU
		{DA35F679-19FF-4865-A96D-AE7D7D51BBFE}.Debug|Any CPU.Build.0 = Debug|Any CPU
		{DA35F679-19FF-4865-A96D-AE7D7D51BBFE}.Release|Any CPU.ActiveCfg = Release|Any CPU
		{DA35F679-19FF-4865-A96D-AE7D7D51BBFE}.Release|Any CPU.Build.0 = Release|Any CPU
	EndGlobalSection
	GlobalSection(SolutionProperties) = preSolution
		HideSolutionNode = FALSE
	EndGlobalSection
	GlobalSection(ExtensibilityGlobals) = postSolution
		SolutionGuid = {CC3A0B90-315E-4EC8-8E2B-53C07484B512}
	EndGlobalSection
EndGlobal
